// !$*UTF8*$!
{
	archiveVersion = 1;
	classes = {
	};
	objectVersion = 50;
	objects = {

/* Begin PBXBuildFile section */
		380F7FBD210068FD007B2812 /* AppDelegate.swift in Sources */ = {isa = PBXBuildFile; fileRef = 380F7FBC210068FD007B2812 /* AppDelegate.swift */; };
		380F7FBF210068FD007B2812 /* ViewController.swift in Sources */ = {isa = PBXBuildFile; fileRef = 380F7FBE210068FD007B2812 /* ViewController.swift */; };
		380F7FC2210068FD007B2812 /* Main.storyboard in Resources */ = {isa = PBXBuildFile; fileRef = 380F7FC0210068FD007B2812 /* Main.storyboard */; };
		380F7FC421006900007B2812 /* Assets.xcassets in Resources */ = {isa = PBXBuildFile; fileRef = 380F7FC321006900007B2812 /* Assets.xcassets */; };
		380F7FC721006900007B2812 /* LaunchScreen.storyboard in Resources */ = {isa = PBXBuildFile; fileRef = 380F7FC521006900007B2812 /* LaunchScreen.storyboard */; };
		380F7FD221006901007B2812 /* Weather_API_CollectionViewTests.swift in Sources */ = {isa = PBXBuildFile; fileRef = 380F7FD121006901007B2812 /* Weather_API_CollectionViewTests.swift */; };
		380F7FDD21006901007B2812 /* Weather_API_CollectionViewUITests.swift in Sources */ = {isa = PBXBuildFile; fileRef = 380F7FDC21006901007B2812 /* Weather_API_CollectionViewUITests.swift */; };
		382E19B52100794000E2B2CD /* Weather_CV.swift in Sources */ = {isa = PBXBuildFile; fileRef = 382E19B42100794000E2B2CD /* Weather_CV.swift */; };
		382E19B72100795200E2B2CD /* Weather_CVC.swift in Sources */ = {isa = PBXBuildFile; fileRef = 382E19B62100795200E2B2CD /* Weather_CVC.swift */; };
		382E19B92100901600E2B2CD /* ApiManager.swift in Sources */ = {isa = PBXBuildFile; fileRef = 382E19B82100901600E2B2CD /* ApiManager.swift */; };
		382E19BB2100902000E2B2CD /* AppConstant.swift in Sources */ = {isa = PBXBuildFile; fileRef = 382E19BA2100902000E2B2CD /* AppConstant.swift */; };
		BBF526CFD91ABF8C61633A67 /* Pods_Weather_API_CollectionView.framework in Frameworks */ = {isa = PBXBuildFile; fileRef = 92BAC4984E84D64947680EEC /* Pods_Weather_API_CollectionView.framework */; };
		CCC38F57B64EA1318DF080C1 /* Pods_Weather_API_CollectionViewTests.framework in Frameworks */ = {isa = PBXBuildFile; fileRef = 7EC278CA6CDBEE754682D391 /* Pods_Weather_API_CollectionViewTests.framework */; };
		D5375125D4999CB33333EBE3 /* Pods_Weather_API_CollectionViewUITests.framework in Frameworks */ = {isa = PBXBuildFile; fileRef = 0619D6896E90FCB51373A55F /* Pods_Weather_API_CollectionViewUITests.framework */; };
/* End PBXBuildFile section */

/* Begin PBXContainerItemProxy section */
		380F7FCE21006901007B2812 /* PBXContainerItemProxy */ = {
			isa = PBXContainerItemProxy;
			containerPortal = 380F7FB1210068FD007B2812 /* Project object */;
			proxyType = 1;
			remoteGlobalIDString = 380F7FB8210068FD007B2812;
			remoteInfo = Weather_API_CollectionView;
		};
		380F7FD921006901007B2812 /* PBXContainerItemProxy */ = {
			isa = PBXContainerItemProxy;
			containerPortal = 380F7FB1210068FD007B2812 /* Project object */;
			proxyType = 1;
			remoteGlobalIDString = 380F7FB8210068FD007B2812;
			remoteInfo = Weather_API_CollectionView;
		};
/* End PBXContainerItemProxy section */

/* Begin PBXFileReference section */
		0619D6896E90FCB51373A55F /* Pods_Weather_API_CollectionViewUITests.framework */ = {isa = PBXFileReference; explicitFileType = wrapper.framework; includeInIndex = 0; path = Pods_Weather_API_CollectionViewUITests.framework; sourceTree = BUILT_PRODUCTS_DIR; };
		380F7FB9210068FD007B2812 /* Weather_API_CollectionView.app */ = {isa = PBXFileReference; explicitFileType = wrapper.application; includeInIndex = 0; path = Weather_API_CollectionView.app; sourceTree = BUILT_PRODUCTS_DIR; };
		380F7FBC210068FD007B2812 /* AppDelegate.swift */ = {isa = PBXFileReference; lastKnownFileType = sourcecode.swift; path = AppDelegate.swift; sourceTree = "<group>"; };
		380F7FBE210068FD007B2812 /* ViewController.swift */ = {isa = PBXFileReference; lastKnownFileType = sourcecode.swift; path = ViewController.swift; sourceTree = "<group>"; };
		380F7FC1210068FD007B2812 /* Base */ = {isa = PBXFileReference; lastKnownFileType = file.storyboard; name = Base; path = Base.lproj/Main.storyboard; sourceTree = "<group>"; };
		380F7FC321006900007B2812 /* Assets.xcassets */ = {isa = PBXFileReference; lastKnownFileType = folder.assetcatalog; path = Assets.xcassets; sourceTree = "<group>"; };
		380F7FC621006900007B2812 /* Base */ = {isa = PBXFileReference; lastKnownFileType = file.storyboard; name = Base; path = Base.lproj/LaunchScreen.storyboard; sourceTree = "<group>"; };
		380F7FC821006900007B2812 /* Info.plist */ = {isa = PBXFileReference; lastKnownFileType = text.plist.xml; path = Info.plist; sourceTree = "<group>"; };
		380F7FCD21006901007B2812 /* Weather_API_CollectionViewTests.xctest */ = {isa = PBXFileReference; explicitFileType = wrapper.cfbundle; includeInIndex = 0; path = Weather_API_CollectionViewTests.xctest; sourceTree = BUILT_PRODUCTS_DIR; };
		380F7FD121006901007B2812 /* Weather_API_CollectionViewTests.swift */ = {isa = PBXFileReference; lastKnownFileType = sourcecode.swift; path = Weather_API_CollectionViewTests.swift; sourceTree = "<group>"; };
		380F7FD321006901007B2812 /* Info.plist */ = {isa = PBXFileReference; lastKnownFileType = text.plist.xml; path = Info.plist; sourceTree = "<group>"; };
		380F7FD821006901007B2812 /* Weather_API_CollectionViewUITests.xctest */ = {isa = PBXFileReference; explicitFileType = wrapper.cfbundle; includeInIndex = 0; path = Weather_API_CollectionViewUITests.xctest; sourceTree = BUILT_PRODUCTS_DIR; };
		380F7FDC21006901007B2812 /* Weather_API_CollectionViewUITests.swift */ = {isa = PBXFileReference; lastKnownFileType = sourcecode.swift; path = Weather_API_CollectionViewUITests.swift; sourceTree = "<group>"; };
		380F7FDE21006901007B2812 /* Info.plist */ = {isa = PBXFileReference; lastKnownFileType = text.plist.xml; path = Info.plist; sourceTree = "<group>"; };
		382E19B42100794000E2B2CD /* Weather_CV.swift */ = {isa = PBXFileReference; lastKnownFileType = sourcecode.swift; path = Weather_CV.swift; sourceTree = "<group>"; };
		382E19B62100795200E2B2CD /* Weather_CVC.swift */ = {isa = PBXFileReference; lastKnownFileType = sourcecode.swift; path = Weather_CVC.swift; sourceTree = "<group>"; };
		382E19B82100901600E2B2CD /* ApiManager.swift */ = {isa = PBXFileReference; fileEncoding = 4; lastKnownFileType = sourcecode.swift; path = ApiManager.swift; sourceTree = "<group>"; };
		382E19BA2100902000E2B2CD /* AppConstant.swift */ = {isa = PBXFileReference; fileEncoding = 4; lastKnownFileType = sourcecode.swift; path = AppConstant.swift; sourceTree = "<group>"; };
		3CDE29C047237BC3D5CD8A93 /* Pods-Weather_API_CollectionViewTests.debug.xcconfig */ = {isa = PBXFileReference; includeInIndex = 1; lastKnownFileType = text.xcconfig; name = "Pods-Weather_API_CollectionViewTests.debug.xcconfig"; path = "Pods/Target Support Files/Pods-Weather_API_CollectionViewTests/Pods-Weather_API_CollectionViewTests.debug.xcconfig"; sourceTree = "<group>"; };
		49755455788F712438D46105 /* Pods-Weather_API_CollectionView.debug.xcconfig */ = {isa = PBXFileReference; includeInIndex = 1; lastKnownFileType = text.xcconfig; name = "Pods-Weather_API_CollectionView.debug.xcconfig"; path = "Pods/Target Support Files/Pods-Weather_API_CollectionView/Pods-Weather_API_CollectionView.debug.xcconfig"; sourceTree = "<group>"; };
		5B13C25D16A89AB906497AD3 /* Pods-Weather_API_CollectionViewUITests.release.xcconfig */ = {isa = PBXFileReference; includeInIndex = 1; lastKnownFileType = text.xcconfig; name = "Pods-Weather_API_CollectionViewUITests.release.xcconfig"; path = "Pods/Target Support Files/Pods-Weather_API_CollectionViewUITests/Pods-Weather_API_CollectionViewUITests.release.xcconfig"; sourceTree = "<group>"; };
		63239FBF0FD4767A037CB5FF /* Pods-Weather_API_CollectionView.release.xcconfig */ = {isa = PBXFileReference; includeInIndex = 1; lastKnownFileType = text.xcconfig; name = "Pods-Weather_API_CollectionView.release.xcconfig"; path = "Pods/Target Support Files/Pods-Weather_API_CollectionView/Pods-Weather_API_CollectionView.release.xcconfig"; sourceTree = "<group>"; };
		7EC278CA6CDBEE754682D391 /* Pods_Weather_API_CollectionViewTests.framework */ = {isa = PBXFileReference; explicitFileType = wrapper.framework; includeInIndex = 0; path = Pods_Weather_API_CollectionViewTests.framework; sourceTree = BUILT_PRODUCTS_DIR; };
		92BAC4984E84D64947680EEC /* Pods_Weather_API_CollectionView.framework */ = {isa = PBXFileReference; explicitFileType = wrapper.framework; includeInIndex = 0; path = Pods_Weather_API_CollectionView.framework; sourceTree = BUILT_PRODUCTS_DIR; };
		9AD1BFC56EB20B5599B4F6BD /* Pods-Weather_API_CollectionViewUITests.debug.xcconfig */ = {isa = PBXFileReference; includeInIndex = 1; lastKnownFileType = text.xcconfig; name = "Pods-Weather_API_CollectionViewUITests.debug.xcconfig"; path = "Pods/Target Support Files/Pods-Weather_API_CollectionViewUITests/Pods-Weather_API_CollectionViewUITests.debug.xcconfig"; sourceTree = "<group>"; };
		EAE56CCA395CE9F63240634C /* Pods-Weather_API_CollectionViewTests.release.xcconfig */ = {isa = PBXFileReference; includeInIndex = 1; lastKnownFileType = text.xcconfig; name = "Pods-Weather_API_CollectionViewTests.release.xcconfig"; path = "Pods/Target Support Files/Pods-Weather_API_CollectionViewTests/Pods-Weather_API_CollectionViewTests.release.xcconfig"; sourceTree = "<group>"; };
/* End PBXFileReference section */

/* Begin PBXFrameworksBuildPhase section */
		380F7FB6210068FD007B2812 /* Frameworks */ = {
			isa = PBXFrameworksBuildPhase;
			buildActionMask = 2147483647;
			files = (
				BBF526CFD91ABF8C61633A67 /* Pods_Weather_API_CollectionView.framework in Frameworks */,
			);
			runOnlyForDeploymentPostprocessing = 0;
		};
		380F7FCA21006901007B2812 /* Frameworks */ = {
			isa = PBXFrameworksBuildPhase;
			buildActionMask = 2147483647;
			files = (
				CCC38F57B64EA1318DF080C1 /* Pods_Weather_API_CollectionViewTests.framework in Frameworks */,
			);
			runOnlyForDeploymentPostprocessing = 0;
		};
		380F7FD521006901007B2812 /* Frameworks */ = {
			isa = PBXFrameworksBuildPhase;
			buildActionMask = 2147483647;
			files = (
				D5375125D4999CB33333EBE3 /* Pods_Weather_API_CollectionViewUITests.framework in Frameworks */,
			);
			runOnlyForDeploymentPostprocessing = 0;
		};
/* End PBXFrameworksBuildPhase section */

/* Begin PBXGroup section */
		380F7FB0210068FD007B2812 = {
			isa = PBXGroup;
			children = (
				380F7FC0210068FD007B2812 /* Main.storyboard */,
				380F7FBB210068FD007B2812 /* Weather_API_CollectionView */,
				380F7FD021006901007B2812 /* Weather_API_CollectionViewTests */,
				380F7FDB21006901007B2812 /* Weather_API_CollectionViewUITests */,
				380F7FBA210068FD007B2812 /* Products */,
				6CD7910ABA20CD29FFCEA7EA /* Pods */,
				4F326E9CA872D002F286E1FA /* Frameworks */,
			);
			sourceTree = "<group>";
		};
		380F7FBA210068FD007B2812 /* Products */ = {
			isa = PBXGroup;
			children = (
				380F7FB9210068FD007B2812 /* Weather_API_CollectionView.app */,
				380F7FCD21006901007B2812 /* Weather_API_CollectionViewTests.xctest */,
				380F7FD821006901007B2812 /* Weather_API_CollectionViewUITests.xctest */,
			);
			name = Products;
			sourceTree = "<group>";
		};
		380F7FBB210068FD007B2812 /* Weather_API_CollectionView */ = {
			isa = PBXGroup;
			children = (
				380F7FBC210068FD007B2812 /* AppDelegate.swift */,
				382E19B82100901600E2B2CD /* ApiManager.swift */,
				382E19BA2100902000E2B2CD /* AppConstant.swift */,
				380F7FBE210068FD007B2812 /* ViewController.swift */,
				382E19B42100794000E2B2CD /* Weather_CV.swift */,
				382E19B62100795200E2B2CD /* Weather_CVC.swift */,
				380F7FC321006900007B2812 /* Assets.xcassets */,
				380F7FC521006900007B2812 /* LaunchScreen.storyboard */,
				380F7FC821006900007B2812 /* Info.plist */,
			);
			path = Weather_API_CollectionView;
			sourceTree = "<group>";
		};
		380F7FD021006901007B2812 /* Weather_API_CollectionViewTests */ = {
			isa = PBXGroup;
			children = (
				380F7FD121006901007B2812 /* Weather_API_CollectionViewTests.swift */,
				380F7FD321006901007B2812 /* Info.plist */,
			);
			path = Weather_API_CollectionViewTests;
			sourceTree = "<group>";
		};
		380F7FDB21006901007B2812 /* Weather_API_CollectionViewUITests */ = {
			isa = PBXGroup;
			children = (
				380F7FDC21006901007B2812 /* Weather_API_CollectionViewUITests.swift */,
				380F7FDE21006901007B2812 /* Info.plist */,
			);
			path = Weather_API_CollectionViewUITests;
			sourceTree = "<group>";
		};
		4F326E9CA872D002F286E1FA /* Frameworks */ = {
			isa = PBXGroup;
			children = (
				92BAC4984E84D64947680EEC /* Pods_Weather_API_CollectionView.framework */,
				7EC278CA6CDBEE754682D391 /* Pods_Weather_API_CollectionViewTests.framework */,
				0619D6896E90FCB51373A55F /* Pods_Weather_API_CollectionViewUITests.framework */,
			);
			name = Frameworks;
			sourceTree = "<group>";
		};
		6CD7910ABA20CD29FFCEA7EA /* Pods */ = {
			isa = PBXGroup;
			children = (
				49755455788F712438D46105 /* Pods-Weather_API_CollectionView.debug.xcconfig */,
				63239FBF0FD4767A037CB5FF /* Pods-Weather_API_CollectionView.release.xcconfig */,
				3CDE29C047237BC3D5CD8A93 /* Pods-Weather_API_CollectionViewTests.debug.xcconfig */,
				EAE56CCA395CE9F63240634C /* Pods-Weather_API_CollectionViewTests.release.xcconfig */,
				9AD1BFC56EB20B5599B4F6BD /* Pods-Weather_API_CollectionViewUITests.debug.xcconfig */,
				5B13C25D16A89AB906497AD3 /* Pods-Weather_API_CollectionViewUITests.release.xcconfig */,
			);
			name = Pods;
			sourceTree = "<group>";
		};
/* End PBXGroup section */

/* Begin PBXNativeTarget section */
		380F7FB8210068FD007B2812 /* Weather_API_CollectionView */ = {
			isa = PBXNativeTarget;
			buildConfigurationList = 380F7FE121006901007B2812 /* Build configuration list for PBXNativeTarget "Weather_API_CollectionView" */;
			buildPhases = (
				D6928988AA24818AFA1C713A /* [CP] Check Pods Manifest.lock */,
				380F7FB5210068FD007B2812 /* Sources */,
				380F7FB6210068FD007B2812 /* Frameworks */,
				380F7FB7210068FD007B2812 /* Resources */,
				E057CF79763F16A2D51859D2 /* [CP] Embed Pods Frameworks */,
			);
			buildRules = (
			);
			dependencies = (
			);
			name = Weather_API_CollectionView;
			productName = Weather_API_CollectionView;
			productReference = 380F7FB9210068FD007B2812 /* Weather_API_CollectionView.app */;
			productType = "com.apple.product-type.application";
		};
		380F7FCC21006901007B2812 /* Weather_API_CollectionViewTests */ = {
			isa = PBXNativeTarget;
			buildConfigurationList = 380F7FE421006901007B2812 /* Build configuration list for PBXNativeTarget "Weather_API_CollectionViewTests" */;
			buildPhases = (
				F608C007F10F1D4240833F5C /* [CP] Check Pods Manifest.lock */,
				380F7FC921006901007B2812 /* Sources */,
				380F7FCA21006901007B2812 /* Frameworks */,
				380F7FCB21006901007B2812 /* Resources */,
			);
			buildRules = (
			);
			dependencies = (
				380F7FCF21006901007B2812 /* PBXTargetDependency */,
			);
			name = Weather_API_CollectionViewTests;
			productName = Weather_API_CollectionViewTests;
			productReference = 380F7FCD21006901007B2812 /* Weather_API_CollectionViewTests.xctest */;
			productType = "com.apple.product-type.bundle.unit-test";
		};
		380F7FD721006901007B2812 /* Weather_API_CollectionViewUITests */ = {
			isa = PBXNativeTarget;
			buildConfigurationList = 380F7FE721006901007B2812 /* Build configuration list for PBXNativeTarget "Weather_API_CollectionViewUITests" */;
			buildPhases = (
				749BB56690FD31DAE6C228C6 /* [CP] Check Pods Manifest.lock */,
				380F7FD421006901007B2812 /* Sources */,
				380F7FD521006901007B2812 /* Frameworks */,
				380F7FD621006901007B2812 /* Resources */,
			);
			buildRules = (
			);
			dependencies = (
				380F7FDA21006901007B2812 /* PBXTargetDependency */,
			);
			name = Weather_API_CollectionViewUITests;
			productName = Weather_API_CollectionViewUITests;
			productReference = 380F7FD821006901007B2812 /* Weather_API_CollectionViewUITests.xctest */;
			productType = "com.apple.product-type.bundle.ui-testing";
		};
/* End PBXNativeTarget section */

/* Begin PBXProject section */
		380F7FB1210068FD007B2812 /* Project object */ = {
			isa = PBXProject;
			attributes = {
				LastSwiftUpdateCheck = 0940;
				LastUpgradeCheck = 0940;
				ORGANIZATIONNAME = "pankaj vats";
				TargetAttributes = {
					380F7FB8210068FD007B2812 = {
						CreatedOnToolsVersion = 9.4.1;
					};
					380F7FCC21006901007B2812 = {
						CreatedOnToolsVersion = 9.4.1;
						TestTargetID = 380F7FB8210068FD007B2812;
					};
					380F7FD721006901007B2812 = {
						CreatedOnToolsVersion = 9.4.1;
						TestTargetID = 380F7FB8210068FD007B2812;
					};
				};
			};
			buildConfigurationList = 380F7FB4210068FD007B2812 /* Build configuration list for PBXProject "Weather_API_CollectionView" */;
			compatibilityVersion = "Xcode 9.3";
			developmentRegion = en;
			hasScannedForEncodings = 0;
			knownRegions = (
				en,
				Base,
			);
			mainGroup = 380F7FB0210068FD007B2812;
			productRefGroup = 380F7FBA210068FD007B2812 /* Products */;
			projectDirPath = "";
			projectRoot = "";
			targets = (
				380F7FB8210068FD007B2812 /* Weather_API_CollectionView */,
				380F7FCC21006901007B2812 /* Weather_API_CollectionViewTests */,
				380F7FD721006901007B2812 /* Weather_API_CollectionViewUITests */,
			);
		};
/* End PBXProject section */

/* Begin PBXResourcesBuildPhase section */
		380F7FB7210068FD007B2812 /* Resources */ = {
			isa = PBXResourcesBuildPhase;
			buildActionMask = 2147483647;
			files = (
				380F7FC721006900007B2812 /* LaunchScreen.storyboard in Resources */,
				380F7FC421006900007B2812 /* Assets.xcassets in Resources */,
				380F7FC2210068FD007B2812 /* Main.storyboard in Resources */,
			);
			runOnlyForDeploymentPostprocessing = 0;
		};
		380F7FCB21006901007B2812 /* Resources */ = {
			isa = PBXResourcesBuildPhase;
			buildActionMask = 2147483647;
			files = (
			);
			runOnlyForDeploymentPostprocessing = 0;
		};
		380F7FD621006901007B2812 /* Resources */ = {
			isa = PBXResourcesBuildPhase;
			buildActionMask = 2147483647;
			files = (
			);
			runOnlyForDeploymentPostprocessing = 0;
		};
/* End PBXResourcesBuildPhase section */

/* Begin PBXShellScriptBuildPhase section */
		749BB56690FD31DAE6C228C6 /* [CP] Check Pods Manifest.lock */ = {
			isa = PBXShellScriptBuildPhase;
			buildActionMask = 2147483647;
			files = (
			);
			inputPaths = (
				"${PODS_PODFILE_DIR_PATH}/Podfile.lock",
				"${PODS_ROOT}/Manifest.lock",
			);
			name = "[CP] Check Pods Manifest.lock";
			outputPaths = (
				"$(DERIVED_FILE_DIR)/Pods-Weather_API_CollectionViewUITests-checkManifestLockResult.txt",
			);
			runOnlyForDeploymentPostprocessing = 0;
			shellPath = /bin/sh;
			shellScript = "diff \"${PODS_PODFILE_DIR_PATH}/Podfile.lock\" \"${PODS_ROOT}/Manifest.lock\" > /dev/null\nif [ $? != 0 ] ; then\n    # print error to STDERR\n    echo \"error: The sandbox is not in sync with the Podfile.lock. Run 'pod install' or update your CocoaPods installation.\" >&2\n    exit 1\nfi\n# This output is used by Xcode 'outputs' to avoid re-running this script phase.\necho \"SUCCESS\" > \"${SCRIPT_OUTPUT_FILE_0}\"\n";
			showEnvVarsInLog = 0;
		};
		D6928988AA24818AFA1C713A /* [CP] Check Pods Manifest.lock */ = {
			isa = PBXShellScriptBuildPhase;
			buildActionMask = 2147483647;
			files = (
			);
			inputPaths = (
				"${PODS_PODFILE_DIR_PATH}/Podfile.lock",
				"${PODS_ROOT}/Manifest.lock",
			);
			name = "[CP] Check Pods Manifest.lock";
			outputPaths = (
				"$(DERIVED_FILE_DIR)/Pods-Weather_API_CollectionView-checkManifestLockResult.txt",
			);
			runOnlyForDeploymentPostprocessing = 0;
			shellPath = /bin/sh;
			shellScript = "diff \"${PODS_PODFILE_DIR_PATH}/Podfile.lock\" \"${PODS_ROOT}/Manifest.lock\" > /dev/null\nif [ $? != 0 ] ; then\n    # print error to STDERR\n    echo \"error: The sandbox is not in sync with the Podfile.lock. Run 'pod install' or update your CocoaPods installation.\" >&2\n    exit 1\nfi\n# This output is used by Xcode 'outputs' to avoid re-running this script phase.\necho \"SUCCESS\" > \"${SCRIPT_OUTPUT_FILE_0}\"\n";
			showEnvVarsInLog = 0;
		};
		E057CF79763F16A2D51859D2 /* [CP] Embed Pods Frameworks */ = {
			isa = PBXShellScriptBuildPhase;
			buildActionMask = 2147483647;
			files = (
			);
			inputPaths = (
				"${SRCROOT}/Pods/Target Support Files/Pods-Weather_API_CollectionView/Pods-Weather_API_CollectionView-frameworks.sh",
				"${BUILT_PRODUCTS_DIR}/Alamofire/Alamofire.framework",
			);
			name = "[CP] Embed Pods Frameworks";
			outputPaths = (
				"${TARGET_BUILD_DIR}/${FRAMEWORKS_FOLDER_PATH}/Alamofire.framework",
			);
			runOnlyForDeploymentPostprocessing = 0;
			shellPath = /bin/sh;
			shellScript = "\"${SRCROOT}/Pods/Target Support Files/Pods-Weather_API_CollectionView/Pods-Weather_API_CollectionView-frameworks.sh\"\n";
			showEnvVarsInLog = 0;
		};
		F608C007F10F1D4240833F5C /* [CP] Check Pods Manifest.lock */ = {
			isa = PBXShellScriptBuildPhase;
			buildActionMask = 2147483647;
			files = (
			);
			inputPaths = (
				"${PODS_PODFILE_DIR_PATH}/Podfile.lock",
				"${PODS_ROOT}/Manifest.lock",
			);
			name = "[CP] Check Pods Manifest.lock";
			outputPaths = (
				"$(DERIVED_FILE_DIR)/Pods-Weather_API_CollectionViewTests-checkManifestLockResult.txt",
			);
			runOnlyForDeploymentPostprocessing = 0;
			shellPath = /bin/sh;
			shellScript = "diff \"${PODS_PODFILE_DIR_PATH}/Podfile.lock\" \"${PODS_ROOT}/Manifest.lock\" > /dev/null\nif [ $? != 0 ] ; then\n    # print error to STDERR\n    echo \"error: The sandbox is not in sync with the Podfile.lock. Run 'pod install' or update your CocoaPods installation.\" >&2\n    exit 1\nfi\n# This output is used by Xcode 'outputs' to avoid re-running this script phase.\necho \"SUCCESS\" > \"${SCRIPT_OUTPUT_FILE_0}\"\n";
			showEnvVarsInLog = 0;
		};
/* End PBXShellScriptBuildPhase section */

/* Begin PBXSourcesBuildPhase section */
		380F7FB5210068FD007B2812 /* Sources */ = {
			isa = PBXSourcesBuildPhase;
			buildActionMask = 2147483647;
			files = (
				380F7FBF210068FD007B2812 /* ViewController.swift in Sources */,
				380F7FBD210068FD007B2812 /* AppDelegate.swift in Sources */,
				382E19B92100901600E2B2CD /* ApiManager.swift in Sources */,
				382E19BB2100902000E2B2CD /* AppConstant.swift in Sources */,
				382E19B52100794000E2B2CD /* Weather_CV.swift in Sources */,
				382E19B72100795200E2B2CD /* Weather_CVC.swift in Sources */,
			);
			runOnlyForDeploymentPostprocessing = 0;
		};
		380F7FC921006901007B2812 /* Sources */ = {
			isa = PBXSourcesBuildPhase;
			buildActionMask = 2147483647;
			files = (
				380F7FD221006901007B2812 /* Weather_API_CollectionViewTests.swift in Sources */,
			);
			runOnlyForDeploymentPostprocessing = 0;
		};
		380F7FD421006901007B2812 /* Sources */ = {
			isa = PBXSourcesBuildPhase;
			buildActionMask = 2147483647;
			files = (
				380F7FDD21006901007B2812 /* Weather_API_CollectionViewUITests.swift in Sources */,
			);
			runOnlyForDeploymentPostprocessing = 0;
		};
/* End PBXSourcesBuildPhase section */

/* Begin PBXTargetDependency section */
		380F7FCF21006901007B2812 /* PBXTargetDependency */ = {
			isa = PBXTargetDependency;
			target = 380F7FB8210068FD007B2812 /* Weather_API_CollectionView */;
			targetProxy = 380F7FCE21006901007B2812 /* PBXContainerItemProxy */;
		};
		380F7FDA21006901007B2812 /* PBXTargetDependency */ = {
			isa = PBXTargetDependency;
			target = 380F7FB8210068FD007B2812 /* Weather_API_CollectionView */;
			targetProxy = 380F7FD921006901007B2812 /* PBXContainerItemProxy */;
		};
/* End PBXTargetDependency section */

/* Begin PBXVariantGroup section */
		380F7FC0210068FD007B2812 /* Main.storyboard */ = {
			isa = PBXVariantGroup;
			children = (
				380F7FC1210068FD007B2812 /* Base */,
			);
			name = Main.storyboard;
			sourceTree = "<group>";
		};
		380F7FC521006900007B2812 /* LaunchScreen.storyboard */ = {
			isa = PBXVariantGroup;
			children = (
				380F7FC621006900007B2812 /* Base */,
			);
			name = LaunchScreen.storyboard;
			sourceTree = "<group>";
		};
/* End PBXVariantGroup section */

/* Begin XCBuildConfiguration section */
		380F7FDF21006901007B2812 /* Debug */ = {
			isa = XCBuildConfiguration;
			buildSettings = {
				ALWAYS_SEARCH_USER_PATHS = NO;
				CLANG_ANALYZER_NONNULL = YES;
				CLANG_ANALYZER_NUMBER_OBJECT_CONVERSION = YES_AGGRESSIVE;
				CLANG_CXX_LANGUAGE_STANDARD = "gnu++14";
				CLANG_CXX_LIBRARY = "libc++";
				CLANG_ENABLE_MODULES = YES;
				CLANG_ENABLE_OBJC_ARC = YES;
				CLANG_ENABLE_OBJC_WEAK = YES;
				CLANG_WARN_BLOCK_CAPTURE_AUTORELEASING = YES;
				CLANG_WARN_BOOL_CONVERSION = YES;
				CLANG_WARN_COMMA = YES;
				CLANG_WARN_CONSTANT_CONVERSION = YES;
				CLANG_WARN_DEPRECATED_OBJC_IMPLEMENTATIONS = YES;
				CLANG_WARN_DIRECT_OBJC_ISA_USAGE = YES_ERROR;
				CLANG_WARN_DOCUMENTATION_COMMENTS = YES;
				CLANG_WARN_EMPTY_BODY = YES;
				CLANG_WARN_ENUM_CONVERSION = YES;
				CLANG_WARN_INFINITE_RECURSION = YES;
				CLANG_WARN_INT_CONVERSION = YES;
				CLANG_WARN_NON_LITERAL_NULL_CONVERSION = YES;
				CLANG_WARN_OBJC_IMPLICIT_RETAIN_SELF = YES;
				CLANG_WARN_OBJC_LITERAL_CONVERSION = YES;
				CLANG_WARN_OBJC_ROOT_CLASS = YES_ERROR;
				CLANG_WARN_RANGE_LOOP_ANALYSIS = YES;
				CLANG_WARN_STRICT_PROTOTYPES = YES;
				CLANG_WARN_SUSPICIOUS_MOVE = YES;
				CLANG_WARN_UNGUARDED_AVAILABILITY = YES_AGGRESSIVE;
				CLANG_WARN_UNREACHABLE_CODE = YES;
				CLANG_WARN__DUPLICATE_METHOD_MATCH = YES;
				CODE_SIGN_IDENTITY = "iPhone Developer";
				COPY_PHASE_STRIP = NO;
				DEBUG_INFORMATION_FORMAT = dwarf;
				ENABLE_STRICT_OBJC_MSGSEND = YES;
				ENABLE_TESTABILITY = YES;
				GCC_C_LANGUAGE_STANDARD = gnu11;
				GCC_DYNAMIC_NO_PIC = NO;
				GCC_NO_COMMON_BLOCKS = YES;
				GCC_OPTIMIZATION_LEVEL = 0;
				GCC_PREPROCESSOR_DEFINITIONS = (
					"DEBUG=1",
					"$(inherited)",
				);
				GCC_WARN_64_TO_32_BIT_CONVERSION = YES;
				GCC_WARN_ABOUT_RETURN_TYPE = YES_ERROR;
				GCC_WARN_UNDECLARED_SELECTOR = YES;
				GCC_WARN_UNINITIALIZED_AUTOS = YES_AGGRESSIVE;
				GCC_WARN_UNUSED_FUNCTION = YES;
				GCC_WARN_UNUSED_VARIABLE = YES;
				IPHONEOS_DEPLOYMENT_TARGET = 11.4;
				MTL_ENABLE_DEBUG_INFO = YES;
				ONLY_ACTIVE_ARCH = YES;
				SDKROOT = iphoneos;
				SWIFT_ACTIVE_COMPILATION_CONDITIONS = DEBUG;
				SWIFT_OPTIMIZATION_LEVEL = "-Onone";
			};
			name = Debug;
		};
		380F7FE021006901007B2812 /* Release */ = {
			isa = XCBuildConfiguration;
			buildSettings = {
				ALWAYS_SEARCH_USER_PATHS = NO;
				CLANG_ANALYZER_NONNULL = YES;
				CLANG_ANALYZER_NUMBER_OBJECT_CONVERSION = YES_AGGRESSIVE;
				CLANG_CXX_LANGUAGE_STANDARD = "gnu++14";
				CLANG_CXX_LIBRARY = "libc++";
				CLANG_ENABLE_MODULES = YES;
				CLANG_ENABLE_OBJC_ARC = YES;
				CLANG_ENABLE_OBJC_WEAK = YES;
				CLANG_WARN_BLOCK_CAPTURE_AUTORELEASING = YES;
				CLANG_WARN_BOOL_CONVERSION = YES;
				CLANG_WARN_COMMA = YES;
				CLANG_WARN_CONSTANT_CONVERSION = YES;
				CLANG_WARN_DEPRECATED_OBJC_IMPLEMENTATIONS = YES;
				CLANG_WARN_DIRECT_OBJC_ISA_USAGE = YES_ERROR;
				CLANG_WARN_DOCUMENTATION_COMMENTS = YES;
				CLANG_WARN_EMPTY_BODY = YES;
				CLANG_WARN_ENUM_CONVERSION = YES;
				CLANG_WARN_INFINITE_RECURSION = YES;
				CLANG_WARN_INT_CONVERSION = YES;
				CLANG_WARN_NON_LITERAL_NULL_CONVERSION = YES;
				CLANG_WARN_OBJC_IMPLICIT_RETAIN_SELF = YES;
				CLANG_WARN_OBJC_LITERAL_CONVERSION = YES;
				CLANG_WARN_OBJC_ROOT_CLASS = YES_ERROR;
				CLANG_WARN_RANGE_LOOP_ANALYSIS = YES;
				CLANG_WARN_STRICT_PROTOTYPES = YES;
				CLANG_WARN_SUSPICIOUS_MOVE = YES;
				CLANG_WARN_UNGUARDED_AVAILABILITY = YES_AGGRESSIVE;
				CLANG_WARN_UNREACHABLE_CODE = YES;
				CLANG_WARN__DUPLICATE_METHOD_MATCH = YES;
				CODE_SIGN_IDENTITY = "iPhone Developer";
				COPY_PHASE_STRIP = NO;
				DEBUG_INFORMATION_FORMAT = "dwarf-with-dsym";
				ENABLE_NS_ASSERTIONS = NO;
				ENABLE_STRICT_OBJC_MSGSEND = YES;
				GCC_C_LANGUAGE_STANDARD = gnu11;
				GCC_NO_COMMON_BLOCKS = YES;
				GCC_WARN_64_TO_32_BIT_CONVERSION = YES;
				GCC_WARN_ABOUT_RETURN_TYPE = YES_ERROR;
				GCC_WARN_UNDECLARED_SELECTOR = YES;
				GCC_WARN_UNINITIALIZED_AUTOS = YES_AGGRESSIVE;
				GCC_WARN_UNUSED_FUNCTION = YES;
				GCC_WARN_UNUSED_VARIABLE = YES;
				IPHONEOS_DEPLOYMENT_TARGET = 11.4;
				MTL_ENABLE_DEBUG_INFO = NO;
				SDKROOT = iphoneos;
				SWIFT_COMPILATION_MODE = wholemodule;
				SWIFT_OPTIMIZATION_LEVEL = "-O";
				VALIDATE_PRODUCT = YES;
			};
			name = Release;
		};
		380F7FE221006901007B2812 /* Debug */ = {
			isa = XCBuildConfiguration;
			baseConfigurationReference = 49755455788F712438D46105 /* Pods-Weather_API_CollectionView.debug.xcconfig */;
			buildSettings = {
				ASSETCATALOG_COMPILER_APPICON_NAME = AppIcon;
				CODE_SIGN_STYLE = Automatic;
				DEVELOPMENT_TEAM = 8ZP83ZH2VF;
				INFOPLIST_FILE = Weather_API_CollectionView/Info.plist;
				LD_RUNPATH_SEARCH_PATHS = (
					"$(inherited)",
					"@executable_path/Frameworks",
				);
				PRODUCT_BUNDLE_IDENTIFIER = "Pankaj-Vats.Weather-API-CollectionView";
				PRODUCT_NAME = "$(TARGET_NAME)";
				SWIFT_VERSION = 4.0;
				TARGETED_DEVICE_FAMILY = "1,2";
			};
			name = Debug;
		};
		380F7FE321006901007B2812 /* Release */ = {
			isa = XCBuildConfiguration;
			baseConfigurationReference = 63239FBF0FD4767A037CB5FF /* Pods-Weather_API_CollectionView.release.xcconfig */;
			buildSettings = {
				ASSETCATALOG_COMPILER_APPICON_NAME = AppIcon;
				CODE_SIGN_STYLE = Automatic;
				DEVELOPMENT_TEAM = 8ZP83ZH2VF;
				INFOPLIST_FILE = Weather_API_CollectionView/Info.plist;
				LD_RUNPATH_SEARCH_PATHS = (
					"$(inherited)",
					"@executable_path/Frameworks",
				);
				PRODUCT_BUNDLE_IDENTIFIER = "Pankaj-Vats.Weather-API-CollectionView";
				PRODUCT_NAME = "$(TARGET_NAME)";
				SWIFT_VERSION = 4.0;
				TARGETED_DEVICE_FAMILY = "1,2";
			};
			name = Release;
		};
		380F7FE521006901007B2812 /* Debug */ = {
			isa = XCBuildConfiguration;
			baseConfigurationReference = 3CDE29C047237BC3D5CD8A93 /* Pods-Weather_API_CollectionViewTests.debug.xcconfig */;
			buildSettings = {
				ALWAYS_EMBED_SWIFT_STANDARD_LIBRARIES = YES;
				BUNDLE_LOADER = "$(TEST_HOST)";
				CODE_SIGN_STYLE = Automatic;
				INFOPLIST_FILE = Weather_API_CollectionViewTests/Info.plist;
				LD_RUNPATH_SEARCH_PATHS = (
					"$(inherited)",
					"@executable_path/Frameworks",
					"@loader_path/Frameworks",
				);
				PRODUCT_BUNDLE_IDENTIFIER = "Pankaj-Vats.Weather-API-CollectionViewTests";
				PRODUCT_NAME = "$(TARGET_NAME)";
				SWIFT_VERSION = 4.0;
				TARGETED_DEVICE_FAMILY = "1,2";
				TEST_HOST = "$(BUILT_PRODUCTS_DIR)/Weather_API_CollectionView.app/Weather_API_CollectionView";
			};
			name = Debug;
		};
		380F7FE621006901007B2812 /* Release */ = {
			isa = XCBuildConfiguration;
			baseConfigurationReference = EAE56CCA395CE9F63240634C /* Pods-Weather_API_CollectionViewTests.release.xcconfig */;
			buildSettings = {
				ALWAYS_EMBED_SWIFT_STANDARD_LIBRARIES = YES;
				BUNDLE_LOADER = "$(TEST_HOST)";
				CODE_SIGN_STYLE = Automatic;
				INFOPLIST_FILE = Weather_API_CollectionViewTests/Info.plist;
				LD_RUNPATH_SEARCH_PATHS = (
					"$(inherited)",
					"@executable_path/Frameworks",
					"@loader_path/Frameworks",
				);
				PRODUCT_BUNDLE_IDENTIFIER = "Pankaj-Vats.Weather-API-CollectionViewTests";
				PRODUCT_NAME = "$(TARGET_NAME)";
				SWIFT_VERSION = 4.0;
				TARGETED_DEVICE_FAMILY = "1,2";
				TEST_HOST = "$(BUILT_PRODUCTS_DIR)/Weather_API_CollectionView.app/Weather_API_CollectionView";
			};
			name = Release;
		};
		380F7FE821006901007B2812 /* Debug */ = {
			isa = XCBuildConfiguration;
			baseConfigurationReference = 9AD1BFC56EB20B5599B4F6BD /* Pods-Weather_API_CollectionViewUITests.debug.xcconfig */;
			buildSettings = {
				ALWAYS_EMBED_SWIFT_STANDARD_LIBRARIES = YES;
				CODE_SIGN_STYLE = Automatic;
				INFOPLIST_FILE = Weather_API_CollectionViewUITests/Info.plist;
				LD_RUNPATH_SEARCH_PATHS = (
					"$(inherited)",
					"@executable_path/Frameworks",
					"@loader_path/Frameworks",
				);
				PRODUCT_BUNDLE_IDENTIFIER = "Pankaj-Vats.Weather-API-CollectionViewUITests";
				PRODUCT_NAME = "$(TARGET_NAME)";
				SWIFT_VERSION = 4.0;
				TARGETED_DEVICE_FAMILY = "1,2";
				TEST_TARGET_NAME = Weather_API_CollectionView;
			};
			name = Debug;
		};
		380F7FE921006901007B2812 /* Release */ = {
			isa = XCBuildConfiguration;
			baseConfigurationReference = 5B13C25D16A89AB906497AD3 /* Pods-Weather_API_CollectionViewUITests.release.xcconfig */;
			buildSettings = {
				ALWAYS_EMBED_SWIFT_STANDARD_LIBRARIES = YES;
				CODE_SIGN_STYLE = Automatic;
				INFOPLIST_FILE = Weather_API_CollectionViewUITests/Info.plist;
				LD_RUNPATH_SEARCH_PATHS = (
					"$(inherited)",
					"@executable_path/Frameworks",
					"@loader_path/Frameworks",
				);
				PRODUCT_BUNDLE_IDENTIFIER = "Pankaj-Vats.Weather-API-CollectionViewUITests";
				PRODUCT_NAME = "$(TARGET_NAME)";
				SWIFT_VERSION = 4.0;
				TARGETED_DEVICE_FAMILY = "1,2";
				TEST_TARGET_NAME = Weather_API_CollectionView;
			};
			name = Release;
		};
/* End XCBuildConfiguration section */

/* Begin XCConfigurationList section */
		380F7FB4210068FD007B2812 /* Build configuration list for PBXProject "Weather_API_CollectionView" */ = {
			isa = XCConfigurationList;
			buildConfigurations = (
				380F7FDF21006901007B2812 /* Debug */,
				380F7FE021006901007B2812 /* Release */,
			);
			defaultConfigurationIsVisible = 0;
			defaultConfigurationName = Release;
		};
		380F7FE121006901007B2812 /* Build configuration list for PBXNativeTarget "Weather_API_CollectionView" */ = {
			isa = XCConfigurationList;
			buildConfigurations = (
				380F7FE221006901007B2812 /* Debug */,
				380F7FE321006901007B2812 /* Release */,
			);
			defaultConfigurationIsVisible = 0;
			defaultConfigurationName = Release;
		};
		380F7FE421006901007B2812 /* Build configuration list for PBXNativeTarget "Weather_API_CollectionViewTests" */ = {
			isa = XCConfigurationList;
			buildConfigurations = (
				380F7FE521006901007B2812 /* Debug */,
				380F7FE621006901007B2812 /* Release */,
			);
			defaultConfigurationIsVisible = 0;
			defaultConfigurationName = Release;
		};
		380F7FE721006901007B2812 /* Build configuration list for PBXNativeTarget "Weather_API_CollectionViewUITests" */ = {
			isa = XCConfigurationList;
			buildConfigurations = (
				380F7FE821006901007B2812 /* Debug */,
				380F7FE921006901007B2812 /* Release */,
			);
			defaultConfigurationIsVisible = 0;
			defaultConfigurationName = Release;
		};
/* End XCConfigurationList section */
	};
	rootObject = 380F7FB1210068FD007B2812 /* Project object */;
}
